
Microsoft Visual Studio Solution File, Format Version 12.00
# Visual Studio Version 17
VisualStudioVersion = 17.10.34928.147
MinimumVisualStudioVersion = 10.0.40219.1
Project("{FAE04EC0-301F-11D3-BF4B-00C04F79EFBC}") = "Supershop", "Supershop\Supershop.csproj", "{32C3FFFD-D27C-4C83-A545-B1739CDD1965}"
EndProject
Global
	GlobalSection(SolutionConfigurationPlatforms) = preSolution
		Debug|Any CPU = Debug|Any CPU
		Release|Any CPU = Release|Any CPU
	EndGlobalSection
	GlobalSection(ProjectConfigurationPlatforms) = postSolution
		{32C3FFFD-D27C-4C83-A545-B1739CDD1965}.Debug|Any CPU.ActiveCfg = Debug|Any CPU
		{32C3FFFD-D27C-4C83-A545-B1739CDD1965}.Debug|Any CPU.Build.0 = Debug|Any CPU
		{32C3FFFD-D27C-4C83-A545-B1739CDD1965}.Release|Any CPU.ActiveCfg = Release|Any CPU
		{32C3FFFD-D27C-4C83-A545-B1739CDD1965}.Release|Any CPU.Build.0 = Release|Any CPU
	EndGlobalSection
	GlobalSection(SolutionProperties) = preSolution
		HideSolutionNode = FALSE
	EndGlobalSection
	GlobalSection(ExtensibilityGlobals) = postSolution
		SolutionGuid = {B13D31BB-3292-4383-9FAC-97BF5E5D4093}
	EndGlobalSection
EndGlobal
